PODS:
  - Alamofire (5.0.0-beta.3)
  - SwiftLint (0.31.0)

DEPENDENCIES:
  - Alamofire (~> 5.0.0-beta.3)
  - SwiftLint

SPEC REPOS:
  https://github.com/cocoapods/specs.git:
    - Alamofire
    - SwiftLint

SPEC CHECKSUMS:
  Alamofire: 50d6fa7e8cbe7f84559e86ab641ffd029db655f8
  SwiftLint: 7a0227733d786395817373b2d0ca799fd0093ff3

PODFILE CHECKSUM: 1029e21b1fe870c7b8ca0a8259505be2a1f8eb12

COCOAPODS: 1.6.1
