// !$*UTF8*$!
{
	archiveVersion = 1;
	classes = {
	};
	objectVersion = 50;
	objects = {

/* Begin PBXBuildFile section */
		0C126DF4A1945D54F7E2249B /* Pods_spendsterIOS.framework in Frameworks */ = {isa = PBXBuildFile; fileRef = 0A1CEF53A6DD5959E114C762 /* Pods_spendsterIOS.framework */; };
		2B09A13C224D1A1400F7A042 /* Auth.storyboard in Resources */ = {isa = PBXBuildFile; fileRef = 2B09A13B224D1A1400F7A042 /* Auth.storyboard */; };
		2B09A13E224D255900F7A042 /* ShadowView.swift in Sources */ = {isa = PBXBuildFile; fileRef = 2B09A13D224D255800F7A042 /* ShadowView.swift */; };
		2B248D142265CEBA00423FE8 /* AddressScreen.storyboard in Resources */ = {isa = PBXBuildFile; fileRef = 2B248D132265CEBA00423FE8 /* AddressScreen.storyboard */; };
		2B248D162265CEF900423FE8 /* AddressScreenViewController.swift in Sources */ = {isa = PBXBuildFile; fileRef = 2B248D152265CEF900423FE8 /* AddressScreenViewController.swift */; };
		2B248D182265D60900423FE8 /* AddressScreenPresenter.swift in Sources */ = {isa = PBXBuildFile; fileRef = 2B248D172265D60900423FE8 /* AddressScreenPresenter.swift */; };
		2B248D1A2265D62100423FE8 /* AddressScreenModel.swift in Sources */ = {isa = PBXBuildFile; fileRef = 2B248D192265D62100423FE8 /* AddressScreenModel.swift */; };
		2B248D1F2265D81D00423FE8 /* TextFiedValidation.swift in Sources */ = {isa = PBXBuildFile; fileRef = 2B248D1E2265D81D00423FE8 /* TextFiedValidation.swift */; };
		2B248D212265E92800423FE8 /* MockAddrModel.swift in Sources */ = {isa = PBXBuildFile; fileRef = 2B248D202265E92800423FE8 /* MockAddrModel.swift */; };
		2B25E55F224BC12800FB0E4C /* CornerButton.swift in Sources */ = {isa = PBXBuildFile; fileRef = 2B25E55E224BC12800FB0E4C /* CornerButton.swift */; };
		2B26C3F12247DE9C00EF86DA /* Karla-BoldItalic.ttf in Resources */ = {isa = PBXBuildFile; fileRef = 2B26C3ED2247DE9C00EF86DA /* Karla-BoldItalic.ttf */; };
		2B26C3F22247DE9C00EF86DA /* Karla-Italic.ttf in Resources */ = {isa = PBXBuildFile; fileRef = 2B26C3EE2247DE9C00EF86DA /* Karla-Italic.ttf */; };
		2B26C3F32247DE9C00EF86DA /* Karla-Regular.ttf in Resources */ = {isa = PBXBuildFile; fileRef = 2B26C3EF2247DE9C00EF86DA /* Karla-Regular.ttf */; };
		2B26C3F42247DE9C00EF86DA /* Karla-Bold.ttf in Resources */ = {isa = PBXBuildFile; fileRef = 2B26C3F02247DE9C00EF86DA /* Karla-Bold.ttf */; };
		2B35ACEC2243F04700BEC2E5 /* WelcomeScreen.storyboard in Resources */ = {isa = PBXBuildFile; fileRef = 2B35ACEB2243F04600BEC2E5 /* WelcomeScreen.storyboard */; };
		2B4A06EB2254EBF8007B914B /* Validation.swift in Sources */ = {isa = PBXBuildFile; fileRef = 2B4A06EA2254EBF7007B914B /* Validation.swift */; };
		2B4A06ED2254EC51007B914B /* EmailValidation.swift in Sources */ = {isa = PBXBuildFile; fileRef = 2B4A06EC2254EC51007B914B /* EmailValidation.swift */; };
		2B4A06EF2254ED16007B914B /* PasswordValidation.swift in Sources */ = {isa = PBXBuildFile; fileRef = 2B4A06EE2254ED16007B914B /* PasswordValidation.swift */; };
		2B4A06F32254F7BD007B914B /* MoreAbout.storyboard in Resources */ = {isa = PBXBuildFile; fileRef = 2B4A06F22254F7BC007B914B /* MoreAbout.storyboard */; };
		2B4A06F52254FC38007B914B /* CornerImage.swift in Sources */ = {isa = PBXBuildFile; fileRef = 2B4A06F42254FC38007B914B /* CornerImage.swift */; };
		2B770D62223803C60066A72C /* AppDelegate.swift in Sources */ = {isa = PBXBuildFile; fileRef = 2B770D61223803C60066A72C /* AppDelegate.swift */; };
		2B770D67223803C60066A72C /* Main.storyboard in Resources */ = {isa = PBXBuildFile; fileRef = 2B770D65223803C60066A72C /* Main.storyboard */; };
		2B770D69223803C80066A72C /* Assets.xcassets in Resources */ = {isa = PBXBuildFile; fileRef = 2B770D68223803C80066A72C /* Assets.xcassets */; };
		2B770D6C223803C80066A72C /* LaunchScreen.storyboard in Resources */ = {isa = PBXBuildFile; fileRef = 2B770D6A223803C80066A72C /* LaunchScreen.storyboard */; };
		2B770D77223803C80066A72C /* spendsterIOSTests.swift in Sources */ = {isa = PBXBuildFile; fileRef = 2B770D76223803C80066A72C /* spendsterIOSTests.swift */; };
		2B8322272256395A00747D36 /* RxCocoa.framework in Frameworks */ = {isa = PBXBuildFile; fileRef = 2B8322262256395A00747D36 /* RxCocoa.framework */; };
		2B8322292256395A00747D36 /* RxSwift.framework in Frameworks */ = {isa = PBXBuildFile; fileRef = 2B8322282256395A00747D36 /* RxSwift.framework */; };
		2B8DF28022450A0F007C395E /* WalkthroughContentViewController.swift in Sources */ = {isa = PBXBuildFile; fileRef = 2B8DF27F22450A0F007C395E /* WalkthroughContentViewController.swift */; };
		2B8DF28222450F6E007C395E /* WalkthroughPageViewController.swift in Sources */ = {isa = PBXBuildFile; fileRef = 2B8DF28122450F6E007C395E /* WalkthroughPageViewController.swift */; };
		2B8DF28422451CBC007C395E /* WalkthroughViewController.swift in Sources */ = {isa = PBXBuildFile; fileRef = 2B8DF28322451CBC007C395E /* WalkthroughViewController.swift */; };
		2B9E771F2252580100D7640A /* SignUpModel.swift in Sources */ = {isa = PBXBuildFile; fileRef = 2B9E771B2252580000D7640A /* SignUpModel.swift */; };
		2B9E77222252580100D7640A /* SignUpPresenter.swift in Sources */ = {isa = PBXBuildFile; fileRef = 2B9E771E2252580100D7640A /* SignUpPresenter.swift */; };
		2B9E77242252591E00D7640A /* AuthView.swift in Sources */ = {isa = PBXBuildFile; fileRef = 2B9E77232252591E00D7640A /* AuthView.swift */; };
		2B9E77262252623A00D7640A /* MockSignUp.swift in Sources */ = {isa = PBXBuildFile; fileRef = 2B9E77252252623A00D7640A /* MockSignUp.swift */; };
		2BB16571223AB852000D193F /* Income.swift in Sources */ = {isa = PBXBuildFile; fileRef = 2BB1656D223AB851000D193F /* Income.swift */; };
		2BB16572223AB852000D193F /* Category.swift in Sources */ = {isa = PBXBuildFile; fileRef = 2BB1656E223AB851000D193F /* Category.swift */; };
		2BB16573223AB852000D193F /* Expence.swift in Sources */ = {isa = PBXBuildFile; fileRef = 2BB1656F223AB851000D193F /* Expence.swift */; };
		2BB16574223AB852000D193F /* User.swift in Sources */ = {isa = PBXBuildFile; fileRef = 2BB16570223AB851000D193F /* User.swift */; };
		2BB8F96A223BF63A00671465 /* SplashViewController.swift in Sources */ = {isa = PBXBuildFile; fileRef = 2BB8F969223BF63A00671465 /* SplashViewController.swift */; };
		2BBB79B4225367BA006ABC2A /* SignUpScreenViewController.swift in Sources */ = {isa = PBXBuildFile; fileRef = 2BBB79B3225367BA006ABC2A /* SignUpScreenViewController.swift */; };
		2BCBC400225608B300135AEB /* MoreAboutScreenViewController.swift in Sources */ = {isa = PBXBuildFile; fileRef = 2BCBC3FF225608B300135AEB /* MoreAboutScreenViewController.swift */; };
		2BE26AD9225372E60070EF24 /* LoginScreenViewController.swift in Sources */ = {isa = PBXBuildFile; fileRef = 2BE26AD8225372E60070EF24 /* LoginScreenViewController.swift */; };
		2BE26ADD2253740C0070EF24 /* LoginModel.swift in Sources */ = {isa = PBXBuildFile; fileRef = 2BE26ADC2253740C0070EF24 /* LoginModel.swift */; };
		2BE26ADF225374280070EF24 /* LoginPresenter.swift in Sources */ = {isa = PBXBuildFile; fileRef = 2BE26ADE225374280070EF24 /* LoginPresenter.swift */; };
		2BE26AE1225374500070EF24 /* MockLogin.swift in Sources */ = {isa = PBXBuildFile; fileRef = 2BE26AE0225374500070EF24 /* MockLogin.swift */; };
		F0DC3BAD55460349346920C9 /* Pods_spendsterIOSTests.framework in Frameworks */ = {isa = PBXBuildFile; fileRef = 397824CFFA03B058500885F0 /* Pods_spendsterIOSTests.framework */; };
/* End PBXBuildFile section */

/* Begin PBXContainerItemProxy section */
		2B770D73223803C80066A72C /* PBXContainerItemProxy */ = {
			isa = PBXContainerItemProxy;
			containerPortal = 2B770D56223803C60066A72C /* Project object */;
			proxyType = 1;
			remoteGlobalIDString = 2B770D5D223803C60066A72C;
			remoteInfo = spendsterIOS;
		};
/* End PBXContainerItemProxy section */

/* Begin PBXFileReference section */
		0A1CEF53A6DD5959E114C762 /* Pods_spendsterIOS.framework */ = {isa = PBXFileReference; explicitFileType = wrapper.framework; includeInIndex = 0; path = Pods_spendsterIOS.framework; sourceTree = BUILT_PRODUCTS_DIR; };
		2B09A13B224D1A1400F7A042 /* Auth.storyboard */ = {isa = PBXFileReference; lastKnownFileType = file.storyboard; path = Auth.storyboard; sourceTree = "<group>"; };
		2B09A13D224D255800F7A042 /* ShadowView.swift */ = {isa = PBXFileReference; lastKnownFileType = sourcecode.swift; path = ShadowView.swift; sourceTree = "<group>"; };
		2B248D132265CEBA00423FE8 /* AddressScreen.storyboard */ = {isa = PBXFileReference; lastKnownFileType = file.storyboard; path = AddressScreen.storyboard; sourceTree = "<group>"; };
		2B248D152265CEF900423FE8 /* AddressScreenViewController.swift */ = {isa = PBXFileReference; lastKnownFileType = sourcecode.swift; path = AddressScreenViewController.swift; sourceTree = "<group>"; };
		2B248D172265D60900423FE8 /* AddressScreenPresenter.swift */ = {isa = PBXFileReference; lastKnownFileType = sourcecode.swift; path = AddressScreenPresenter.swift; sourceTree = "<group>"; };
		2B248D192265D62100423FE8 /* AddressScreenModel.swift */ = {isa = PBXFileReference; lastKnownFileType = sourcecode.swift; path = AddressScreenModel.swift; sourceTree = "<group>"; };
		2B248D1E2265D81D00423FE8 /* TextFiedValidation.swift */ = {isa = PBXFileReference; lastKnownFileType = sourcecode.swift; path = TextFiedValidation.swift; sourceTree = "<group>"; };
		2B248D202265E92800423FE8 /* MockAddrModel.swift */ = {isa = PBXFileReference; lastKnownFileType = sourcecode.swift; path = MockAddrModel.swift; sourceTree = "<group>"; };
		2B25E55E224BC12800FB0E4C /* CornerButton.swift */ = {isa = PBXFileReference; lastKnownFileType = sourcecode.swift; path = CornerButton.swift; sourceTree = "<group>"; };
		2B26C3ED2247DE9C00EF86DA /* Karla-BoldItalic.ttf */ = {isa = PBXFileReference; lastKnownFileType = file; path = "Karla-BoldItalic.ttf"; sourceTree = "<group>"; };
		2B26C3EE2247DE9C00EF86DA /* Karla-Italic.ttf */ = {isa = PBXFileReference; lastKnownFileType = file; path = "Karla-Italic.ttf"; sourceTree = "<group>"; };
		2B26C3EF2247DE9C00EF86DA /* Karla-Regular.ttf */ = {isa = PBXFileReference; lastKnownFileType = file; path = "Karla-Regular.ttf"; sourceTree = "<group>"; };
		2B26C3F02247DE9C00EF86DA /* Karla-Bold.ttf */ = {isa = PBXFileReference; lastKnownFileType = file; path = "Karla-Bold.ttf"; sourceTree = "<group>"; };
		2B35ACEB2243F04600BEC2E5 /* WelcomeScreen.storyboard */ = {isa = PBXFileReference; lastKnownFileType = file.storyboard; path = WelcomeScreen.storyboard; sourceTree = "<group>"; };
		2B4A06EA2254EBF7007B914B /* Validation.swift */ = {isa = PBXFileReference; lastKnownFileType = sourcecode.swift; path = Validation.swift; sourceTree = "<group>"; };
		2B4A06EC2254EC51007B914B /* EmailValidation.swift */ = {isa = PBXFileReference; lastKnownFileType = sourcecode.swift; path = EmailValidation.swift; sourceTree = "<group>"; };
		2B4A06EE2254ED16007B914B /* PasswordValidation.swift */ = {isa = PBXFileReference; lastKnownFileType = sourcecode.swift; path = PasswordValidation.swift; sourceTree = "<group>"; };
		2B4A06F22254F7BC007B914B /* MoreAbout.storyboard */ = {isa = PBXFileReference; lastKnownFileType = file.storyboard; path = MoreAbout.storyboard; sourceTree = "<group>"; };
		2B4A06F42254FC38007B914B /* CornerImage.swift */ = {isa = PBXFileReference; lastKnownFileType = sourcecode.swift; path = CornerImage.swift; sourceTree = "<group>"; };
		2B770D5E223803C60066A72C /* spendsterIOS.app */ = {isa = PBXFileReference; explicitFileType = wrapper.application; includeInIndex = 0; path = spendsterIOS.app; sourceTree = BUILT_PRODUCTS_DIR; };
		2B770D61223803C60066A72C /* AppDelegate.swift */ = {isa = PBXFileReference; lastKnownFileType = sourcecode.swift; path = AppDelegate.swift; sourceTree = "<group>"; };
		2B770D66223803C60066A72C /* Base */ = {isa = PBXFileReference; lastKnownFileType = file.storyboard; name = Base; path = Base.lproj/Main.storyboard; sourceTree = "<group>"; };
		2B770D68223803C80066A72C /* Assets.xcassets */ = {isa = PBXFileReference; lastKnownFileType = folder.assetcatalog; path = Assets.xcassets; sourceTree = "<group>"; };
		2B770D6B223803C80066A72C /* Base */ = {isa = PBXFileReference; lastKnownFileType = file.storyboard; name = Base; path = Base.lproj/LaunchScreen.storyboard; sourceTree = "<group>"; };
		2B770D6D223803C80066A72C /* Info.plist */ = {isa = PBXFileReference; lastKnownFileType = text.plist.xml; path = Info.plist; sourceTree = "<group>"; };
		2B770D72223803C80066A72C /* spendsterIOSTests.xctest */ = {isa = PBXFileReference; explicitFileType = wrapper.cfbundle; includeInIndex = 0; path = spendsterIOSTests.xctest; sourceTree = BUILT_PRODUCTS_DIR; };
		2B770D76223803C80066A72C /* spendsterIOSTests.swift */ = {isa = PBXFileReference; lastKnownFileType = sourcecode.swift; path = spendsterIOSTests.swift; sourceTree = "<group>"; };
		2B770D78223803C80066A72C /* Info.plist */ = {isa = PBXFileReference; lastKnownFileType = text.plist.xml; path = Info.plist; sourceTree = "<group>"; };
		2B8322262256395A00747D36 /* RxCocoa.framework */ = {isa = PBXFileReference; explicitFileType = wrapper.framework; path = RxCocoa.framework; sourceTree = BUILT_PRODUCTS_DIR; };
		2B8322282256395A00747D36 /* RxSwift.framework */ = {isa = PBXFileReference; explicitFileType = wrapper.framework; path = RxSwift.framework; sourceTree = BUILT_PRODUCTS_DIR; };
		2B8DF27F22450A0F007C395E /* WalkthroughContentViewController.swift */ = {isa = PBXFileReference; lastKnownFileType = sourcecode.swift; path = WalkthroughContentViewController.swift; sourceTree = "<group>"; };
		2B8DF28122450F6E007C395E /* WalkthroughPageViewController.swift */ = {isa = PBXFileReference; lastKnownFileType = sourcecode.swift; path = WalkthroughPageViewController.swift; sourceTree = "<group>"; };
		2B8DF28322451CBC007C395E /* WalkthroughViewController.swift */ = {isa = PBXFileReference; lastKnownFileType = sourcecode.swift; path = WalkthroughViewController.swift; sourceTree = "<group>"; };
		2B9E771B2252580000D7640A /* SignUpModel.swift */ = {isa = PBXFileReference; fileEncoding = 4; lastKnownFileType = sourcecode.swift; path = SignUpModel.swift; sourceTree = "<group>"; };
		2B9E771E2252580100D7640A /* SignUpPresenter.swift */ = {isa = PBXFileReference; fileEncoding = 4; lastKnownFileType = sourcecode.swift; path = SignUpPresenter.swift; sourceTree = "<group>"; };
		2B9E77232252591E00D7640A /* AuthView.swift */ = {isa = PBXFileReference; fileEncoding = 4; lastKnownFileType = sourcecode.swift; path = AuthView.swift; sourceTree = "<group>"; };
		2B9E77252252623A00D7640A /* MockSignUp.swift */ = {isa = PBXFileReference; lastKnownFileType = sourcecode.swift; path = MockSignUp.swift; sourceTree = "<group>"; };
		2BB1656D223AB851000D193F /* Income.swift */ = {isa = PBXFileReference; fileEncoding = 4; lastKnownFileType = sourcecode.swift; path = Income.swift; sourceTree = "<group>"; };
		2BB1656E223AB851000D193F /* Category.swift */ = {isa = PBXFileReference; fileEncoding = 4; lastKnownFileType = sourcecode.swift; path = Category.swift; sourceTree = "<group>"; };
		2BB1656F223AB851000D193F /* Expence.swift */ = {isa = PBXFileReference; fileEncoding = 4; lastKnownFileType = sourcecode.swift; path = Expence.swift; sourceTree = "<group>"; };
		2BB16570223AB851000D193F /* User.swift */ = {isa = PBXFileReference; fileEncoding = 4; lastKnownFileType = sourcecode.swift; path = User.swift; sourceTree = "<group>"; };
		2BB8F969223BF63A00671465 /* SplashViewController.swift */ = {isa = PBXFileReference; lastKnownFileType = sourcecode.swift; path = SplashViewController.swift; sourceTree = "<group>"; };
		2BBB79B3225367BA006ABC2A /* SignUpScreenViewController.swift */ = {isa = PBXFileReference; lastKnownFileType = sourcecode.swift; path = SignUpScreenViewController.swift; sourceTree = "<group>"; };
		2BCBC3FF225608B300135AEB /* MoreAboutScreenViewController.swift */ = {isa = PBXFileReference; lastKnownFileType = sourcecode.swift; path = MoreAboutScreenViewController.swift; sourceTree = "<group>"; };
		2BE26AD8225372E60070EF24 /* LoginScreenViewController.swift */ = {isa = PBXFileReference; lastKnownFileType = sourcecode.swift; path = LoginScreenViewController.swift; sourceTree = "<group>"; };
		2BE26ADC2253740C0070EF24 /* LoginModel.swift */ = {isa = PBXFileReference; lastKnownFileType = sourcecode.swift; path = LoginModel.swift; sourceTree = "<group>"; };
		2BE26ADE225374280070EF24 /* LoginPresenter.swift */ = {isa = PBXFileReference; lastKnownFileType = sourcecode.swift; path = LoginPresenter.swift; sourceTree = "<group>"; };
		2BE26AE0225374500070EF24 /* MockLogin.swift */ = {isa = PBXFileReference; lastKnownFileType = sourcecode.swift; path = MockLogin.swift; sourceTree = "<group>"; };
		397824CFFA03B058500885F0 /* Pods_spendsterIOSTests.framework */ = {isa = PBXFileReference; explicitFileType = wrapper.framework; includeInIndex = 0; path = Pods_spendsterIOSTests.framework; sourceTree = BUILT_PRODUCTS_DIR; };
		3AD6C80BB5D4FF7859246A73 /* Pods-spendsterIOS.debug.xcconfig */ = {isa = PBXFileReference; includeInIndex = 1; lastKnownFileType = text.xcconfig; name = "Pods-spendsterIOS.debug.xcconfig"; path = "Target Support Files/Pods-spendsterIOS/Pods-spendsterIOS.debug.xcconfig"; sourceTree = "<group>"; };
		7A6583FC17C8D45667DB5807 /* Pods-spendsterIOS.release.xcconfig */ = {isa = PBXFileReference; includeInIndex = 1; lastKnownFileType = text.xcconfig; name = "Pods-spendsterIOS.release.xcconfig"; path = "Target Support Files/Pods-spendsterIOS/Pods-spendsterIOS.release.xcconfig"; sourceTree = "<group>"; };
		8015695075BBEFAB914EC069 /* Pods-spendsterIOSTests.release.xcconfig */ = {isa = PBXFileReference; includeInIndex = 1; lastKnownFileType = text.xcconfig; name = "Pods-spendsterIOSTests.release.xcconfig"; path = "Target Support Files/Pods-spendsterIOSTests/Pods-spendsterIOSTests.release.xcconfig"; sourceTree = "<group>"; };
		C9E78408EE4C572B8526F2D8 /* Pods-spendsterIOSTests.debug.xcconfig */ = {isa = PBXFileReference; includeInIndex = 1; lastKnownFileType = text.xcconfig; name = "Pods-spendsterIOSTests.debug.xcconfig"; path = "Target Support Files/Pods-spendsterIOSTests/Pods-spendsterIOSTests.debug.xcconfig"; sourceTree = "<group>"; };
/* End PBXFileReference section */

/* Begin PBXFrameworksBuildPhase section */
		2B770D5B223803C60066A72C /* Frameworks */ = {
			isa = PBXFrameworksBuildPhase;
			buildActionMask = 2147483647;
			files = (
				2B8322272256395A00747D36 /* RxCocoa.framework in Frameworks */,
				2B8322292256395A00747D36 /* RxSwift.framework in Frameworks */,
				0C126DF4A1945D54F7E2249B /* Pods_spendsterIOS.framework in Frameworks */,
			);
			runOnlyForDeploymentPostprocessing = 0;
		};
		2B770D6F223803C80066A72C /* Frameworks */ = {
			isa = PBXFrameworksBuildPhase;
			buildActionMask = 2147483647;
			files = (
				F0DC3BAD55460349346920C9 /* Pods_spendsterIOSTests.framework in Frameworks */,
			);
			runOnlyForDeploymentPostprocessing = 0;
		};
/* End PBXFrameworksBuildPhase section */

/* Begin PBXGroup section */
		2B248D102265CE2F00423FE8 /* AddressScreen */ = {
			isa = PBXGroup;
			children = (
				2B248D1D2265D7FC00423FE8 /* Validation */,
				2B248D152265CEF900423FE8 /* AddressScreenViewController.swift */,
				2B248D172265D60900423FE8 /* AddressScreenPresenter.swift */,
				2B248D192265D62100423FE8 /* AddressScreenModel.swift */,
				2B248D202265E92800423FE8 /* MockAddrModel.swift */,
				2B248D132265CEBA00423FE8 /* AddressScreen.storyboard */,
			);
			path = AddressScreen;
			sourceTree = "<group>";
		};
		2B248D1D2265D7FC00423FE8 /* Validation */ = {
			isa = PBXGroup;
			children = (
				2B248D1E2265D81D00423FE8 /* TextFiedValidation.swift */,
			);
			path = Validation;
			sourceTree = "<group>";
		};
		2B26C3EC2247DE4300EF86DA /* Fonts */ = {
			isa = PBXGroup;
			children = (
				2B26C3F02247DE9C00EF86DA /* Karla-Bold.ttf */,
				2B26C3ED2247DE9C00EF86DA /* Karla-BoldItalic.ttf */,
				2B26C3EE2247DE9C00EF86DA /* Karla-Italic.ttf */,
				2B26C3EF2247DE9C00EF86DA /* Karla-Regular.ttf */,
			);
			path = Fonts;
			sourceTree = "<group>";
		};
		2B4A06F02254EE95007B914B /* Validation */ = {
			isa = PBXGroup;
			children = (
				2B4A06EE2254ED16007B914B /* PasswordValidation.swift */,
				2B4A06EC2254EC51007B914B /* EmailValidation.swift */,
				2B4A06EA2254EBF7007B914B /* Validation.swift */,
			);
			path = Validation;
			sourceTree = "<group>";
		};
		2B4A06F12254F6B4007B914B /* MoreAboutUser */ = {
			isa = PBXGroup;
			children = (
				2B4A06F22254F7BC007B914B /* MoreAbout.storyboard */,
				2BCBC3FF225608B300135AEB /* MoreAboutScreenViewController.swift */,
			);
			path = MoreAboutUser;
			sourceTree = "<group>";
		};
		2B770D55223803C60066A72C = {
			isa = PBXGroup;
			children = (
				2B770D60223803C60066A72C /* spendsterIOS */,
				2B770D75223803C80066A72C /* spendsterIOSTests */,
				2B770D5F223803C60066A72C /* Products */,
				9D40B9C79D552976003D9E11 /* Pods */,
				CA17EA1B7E7594EEF898E5F9 /* Frameworks */,
			);
			sourceTree = "<group>";
		};
		2B770D5F223803C60066A72C /* Products */ = {
			isa = PBXGroup;
			children = (
				2B770D5E223803C60066A72C /* spendsterIOS.app */,
				2B770D72223803C80066A72C /* spendsterIOSTests.xctest */,
			);
			name = Products;
			sourceTree = "<group>";
		};
		2B770D60223803C60066A72C /* spendsterIOS */ = {
			isa = PBXGroup;
			children = (
				2B770D61223803C60066A72C /* AppDelegate.swift */,
				2BBB79B122536670006ABC2A /* Presentation */,
				2B7A0A60223F91E300D12DA6 /* Data */,
				2B770D6D223803C80066A72C /* Info.plist */,
			);
			path = spendsterIOS;
			sourceTree = "<group>";
		};
		2B770D75223803C80066A72C /* spendsterIOSTests */ = {
			isa = PBXGroup;
			children = (
				2B770D76223803C80066A72C /* spendsterIOSTests.swift */,
				2B770D78223803C80066A72C /* Info.plist */,
			);
			path = spendsterIOSTests;
			sourceTree = "<group>";
		};
		2B7A0A60223F91E300D12DA6 /* Data */ = {
			isa = PBXGroup;
			children = (
				2BB1656E223AB851000D193F /* Category.swift */,
				2BB1656F223AB851000D193F /* Expence.swift */,
				2BB1656D223AB851000D193F /* Income.swift */,
				2BB16570223AB851000D193F /* User.swift */,
			);
			path = Data;
			sourceTree = "<group>";
		};
		2BBB79B122536670006ABC2A /* Presentation */ = {
			isa = PBXGroup;
			children = (
				2B248D102265CE2F00423FE8 /* AddressScreen */,
				2B4A06F12254F6B4007B914B /* MoreAboutUser */,
				2B26C3EC2247DE4300EF86DA /* Fonts */,
				2BBB79BA22536877006ABC2A /* ElementsView */,
				2BBB79B922536829006ABC2A /* WelcomeScreen */,
				2BBB79B2225367A6006ABC2A /* Auth */,
				2B770D65223803C60066A72C /* Main.storyboard */,
				2B770D6A223803C80066A72C /* LaunchScreen.storyboard */,
				2BB8F969223BF63A00671465 /* SplashViewController.swift */,
				2B770D68223803C80066A72C /* Assets.xcassets */,
			);
			path = Presentation;
			sourceTree = "<group>";
		};
		2BBB79B2225367A6006ABC2A /* Auth */ = {
			isa = PBXGroup;
			children = (
				2B4A06F02254EE95007B914B /* Validation */,
				2BE26AD7225372A70070EF24 /* Login */,
				2BE26AD6225372650070EF24 /* SignUp */,
				2B9E77232252591E00D7640A /* AuthView.swift */,
				2B09A13B224D1A1400F7A042 /* Auth.storyboard */,
			);
			path = Auth;
			sourceTree = "<group>";
		};
		2BBB79B922536829006ABC2A /* WelcomeScreen */ = {
			isa = PBXGroup;
			children = (
				2B8DF28322451CBC007C395E /* WalkthroughViewController.swift */,
				2B8DF28122450F6E007C395E /* WalkthroughPageViewController.swift */,
				2B8DF27F22450A0F007C395E /* WalkthroughContentViewController.swift */,
				2B35ACEB2243F04600BEC2E5 /* WelcomeScreen.storyboard */,
			);
			path = WelcomeScreen;
			sourceTree = "<group>";
		};
		2BBB79BA22536877006ABC2A /* ElementsView */ = {
			isa = PBXGroup;
			children = (
				2B09A13D224D255800F7A042 /* ShadowView.swift */,
				2B25E55E224BC12800FB0E4C /* CornerButton.swift */,
				2B4A06F42254FC38007B914B /* CornerImage.swift */,
			);
			path = ElementsView;
			sourceTree = "<group>";
		};
		2BE26AD6225372650070EF24 /* SignUp */ = {
			isa = PBXGroup;
			children = (
				2BBB79B3225367BA006ABC2A /* SignUpScreenViewController.swift */,
				2B9E771E2252580100D7640A /* SignUpPresenter.swift */,
				2B9E771B2252580000D7640A /* SignUpModel.swift */,
				2B9E77252252623A00D7640A /* MockSignUp.swift */,
			);
			path = SignUp;
			sourceTree = "<group>";
		};
		2BE26AD7225372A70070EF24 /* Login */ = {
			isa = PBXGroup;
			children = (
				2BE26AD8225372E60070EF24 /* LoginScreenViewController.swift */,
				2BE26ADE225374280070EF24 /* LoginPresenter.swift */,
				2BE26ADC2253740C0070EF24 /* LoginModel.swift */,
				2BE26AE0225374500070EF24 /* MockLogin.swift */,
			);
			path = Login;
			sourceTree = "<group>";
		};
		9D40B9C79D552976003D9E11 /* Pods */ = {
			isa = PBXGroup;
			children = (
				3AD6C80BB5D4FF7859246A73 /* Pods-spendsterIOS.debug.xcconfig */,
				7A6583FC17C8D45667DB5807 /* Pods-spendsterIOS.release.xcconfig */,
				C9E78408EE4C572B8526F2D8 /* Pods-spendsterIOSTests.debug.xcconfig */,
				8015695075BBEFAB914EC069 /* Pods-spendsterIOSTests.release.xcconfig */,
			);
			path = Pods;
			sourceTree = "<group>";
		};
		CA17EA1B7E7594EEF898E5F9 /* Frameworks */ = {
			isa = PBXGroup;
			children = (
				2B8322262256395A00747D36 /* RxCocoa.framework */,
				2B8322282256395A00747D36 /* RxSwift.framework */,
				0A1CEF53A6DD5959E114C762 /* Pods_spendsterIOS.framework */,
				397824CFFA03B058500885F0 /* Pods_spendsterIOSTests.framework */,
			);
			name = Frameworks;
			sourceTree = "<group>";
		};
/* End PBXGroup section */

/* Begin PBXNativeTarget section */
		2B770D5D223803C60066A72C /* spendsterIOS */ = {
			isa = PBXNativeTarget;
			buildConfigurationList = 2B770D7B223803C80066A72C /* Build configuration list for PBXNativeTarget "spendsterIOS" */;
			buildPhases = (
				A7394DBA9754000D28597E97 /* [CP] Check Pods Manifest.lock */,
				2BBACF26223BD68B005D64D3 /* ShellScript */,
				2B770D5A223803C60066A72C /* Sources */,
				2B770D5B223803C60066A72C /* Frameworks */,
				2B770D5C223803C60066A72C /* Resources */,
				494B4A05B8867FBFD76C0CF8 /* [CP] Embed Pods Frameworks */,
			);
			buildRules = (
			);
			dependencies = (
			);
			name = spendsterIOS;
			productName = spendsterIOS;
			productReference = 2B770D5E223803C60066A72C /* spendsterIOS.app */;
			productType = "com.apple.product-type.application";
		};
		2B770D71223803C80066A72C /* spendsterIOSTests */ = {
			isa = PBXNativeTarget;
			buildConfigurationList = 2B770D7E223803C80066A72C /* Build configuration list for PBXNativeTarget "spendsterIOSTests" */;
			buildPhases = (
				2E098A0E582E249BB8F991D0 /* [CP] Check Pods Manifest.lock */,
				2B770D6E223803C80066A72C /* Sources */,
				2B770D6F223803C80066A72C /* Frameworks */,
				2B770D70223803C80066A72C /* Resources */,
			);
			buildRules = (
			);
			dependencies = (
				2B770D74223803C80066A72C /* PBXTargetDependency */,
			);
			name = spendsterIOSTests;
			productName = spendsterIOSTests;
			productReference = 2B770D72223803C80066A72C /* spendsterIOSTests.xctest */;
			productType = "com.apple.product-type.bundle.unit-test";
		};
/* End PBXNativeTarget section */

/* Begin PBXProject section */
		2B770D56223803C60066A72C /* Project object */ = {
			isa = PBXProject;
			attributes = {
				LastSwiftUpdateCheck = 1010;
				LastUpgradeCheck = 1010;
				ORGANIZATIONNAME = KeyToTech;
				TargetAttributes = {
					2B770D5D223803C60066A72C = {
						CreatedOnToolsVersion = 10.1;
					};
					2B770D71223803C80066A72C = {
						CreatedOnToolsVersion = 10.1;
						TestTargetID = 2B770D5D223803C60066A72C;
					};
				};
			};
			buildConfigurationList = 2B770D59223803C60066A72C /* Build configuration list for PBXProject "spendsterIOS" */;
			compatibilityVersion = "Xcode 9.3";
			developmentRegion = en;
			hasScannedForEncodings = 0;
			knownRegions = (
				en,
				Base,
			);
			mainGroup = 2B770D55223803C60066A72C;
			productRefGroup = 2B770D5F223803C60066A72C /* Products */;
			projectDirPath = "";
			projectRoot = "";
			targets = (
				2B770D5D223803C60066A72C /* spendsterIOS */,
				2B770D71223803C80066A72C /* spendsterIOSTests */,
			);
		};
/* End PBXProject section */

/* Begin PBXResourcesBuildPhase section */
		2B770D5C223803C60066A72C /* Resources */ = {
			isa = PBXResourcesBuildPhase;
			buildActionMask = 2147483647;
			files = (
				2B09A13C224D1A1400F7A042 /* Auth.storyboard in Resources */,
				2B770D6C223803C80066A72C /* LaunchScreen.storyboard in Resources */,
				2B35ACEC2243F04700BEC2E5 /* WelcomeScreen.storyboard in Resources */,
				2B26C3F22247DE9C00EF86DA /* Karla-Italic.ttf in Resources */,
				2B26C3F42247DE9C00EF86DA /* Karla-Bold.ttf in Resources */,
				2B26C3F12247DE9C00EF86DA /* Karla-BoldItalic.ttf in Resources */,
				2B26C3F32247DE9C00EF86DA /* Karla-Regular.ttf in Resources */,
				2B770D69223803C80066A72C /* Assets.xcassets in Resources */,
				2B770D67223803C60066A72C /* Main.storyboard in Resources */,
				2B248D142265CEBA00423FE8 /* AddressScreen.storyboard in Resources */,
				2B4A06F32254F7BD007B914B /* MoreAbout.storyboard in Resources */,
			);
			runOnlyForDeploymentPostprocessing = 0;
		};
		2B770D70223803C80066A72C /* Resources */ = {
			isa = PBXResourcesBuildPhase;
			buildActionMask = 2147483647;
			files = (
			);
			runOnlyForDeploymentPostprocessing = 0;
		};
/* End PBXResourcesBuildPhase section */

/* Begin PBXShellScriptBuildPhase section */
		2BBACF26223BD68B005D64D3 /* ShellScript */ = {
			isa = PBXShellScriptBuildPhase;
			buildActionMask = 2147483647;
			files = (
			);
			inputFileListPaths = (
			);
			inputPaths = (
			);
			outputFileListPaths = (
			);
			outputPaths = (
			);
			runOnlyForDeploymentPostprocessing = 0;
			shellPath = /bin/sh;
			shellScript = "\"${PODS_ROOT}/SwiftLint/swiftlint\"\n";
		};
		2E098A0E582E249BB8F991D0 /* [CP] Check Pods Manifest.lock */ = {
			isa = PBXShellScriptBuildPhase;
			buildActionMask = 2147483647;
			files = (
			);
			inputFileListPaths = (
			);
			inputPaths = (
				"${PODS_PODFILE_DIR_PATH}/Podfile.lock",
				"${PODS_ROOT}/Manifest.lock",
			);
			name = "[CP] Check Pods Manifest.lock";
			outputFileListPaths = (
			);
			outputPaths = (
				"$(DERIVED_FILE_DIR)/Pods-spendsterIOSTests-checkManifestLockResult.txt",
			);
			runOnlyForDeploymentPostprocessing = 0;
			shellPath = /bin/sh;
			shellScript = "diff \"${PODS_PODFILE_DIR_PATH}/Podfile.lock\" \"${PODS_ROOT}/Manifest.lock\" > /dev/null\nif [ $? != 0 ] ; then\n    # print error to STDERR\n    echo \"error: The sandbox is not in sync with the Podfile.lock. Run 'pod install' or update your CocoaPods installation.\" >&2\n    exit 1\nfi\n# This output is used by Xcode 'outputs' to avoid re-running this script phase.\necho \"SUCCESS\" > \"${SCRIPT_OUTPUT_FILE_0}\"\n";
			showEnvVarsInLog = 0;
		};
		494B4A05B8867FBFD76C0CF8 /* [CP] Embed Pods Frameworks */ = {
			isa = PBXShellScriptBuildPhase;
			buildActionMask = 2147483647;
			files = (
			);
			inputFileListPaths = (
			);
			inputPaths = (
				"${PODS_ROOT}/Target Support Files/Pods-spendsterIOS/Pods-spendsterIOS-frameworks.sh",
				"${BUILT_PRODUCTS_DIR}/RxCocoa/RxCocoa.framework",
				"${BUILT_PRODUCTS_DIR}/RxSwift/RxSwift.framework",
			);
			name = "[CP] Embed Pods Frameworks";
			outputFileListPaths = (
			);
			outputPaths = (
				"${TARGET_BUILD_DIR}/${FRAMEWORKS_FOLDER_PATH}/RxCocoa.framework",
				"${TARGET_BUILD_DIR}/${FRAMEWORKS_FOLDER_PATH}/RxSwift.framework",
			);
			runOnlyForDeploymentPostprocessing = 0;
			shellPath = /bin/sh;
			shellScript = "\"${PODS_ROOT}/Target Support Files/Pods-spendsterIOS/Pods-spendsterIOS-frameworks.sh\"\n";
			showEnvVarsInLog = 0;
		};
		A7394DBA9754000D28597E97 /* [CP] Check Pods Manifest.lock */ = {
			isa = PBXShellScriptBuildPhase;
			buildActionMask = 2147483647;
			files = (
			);
			inputFileListPaths = (
			);
			inputPaths = (
				"${PODS_PODFILE_DIR_PATH}/Podfile.lock",
				"${PODS_ROOT}/Manifest.lock",
			);
			name = "[CP] Check Pods Manifest.lock";
			outputFileListPaths = (
			);
			outputPaths = (
				"$(DERIVED_FILE_DIR)/Pods-spendsterIOS-checkManifestLockResult.txt",
			);
			runOnlyForDeploymentPostprocessing = 0;
			shellPath = /bin/sh;
			shellScript = "diff \"${PODS_PODFILE_DIR_PATH}/Podfile.lock\" \"${PODS_ROOT}/Manifest.lock\" > /dev/null\nif [ $? != 0 ] ; then\n    # print error to STDERR\n    echo \"error: The sandbox is not in sync with the Podfile.lock. Run 'pod install' or update your CocoaPods installation.\" >&2\n    exit 1\nfi\n# This output is used by Xcode 'outputs' to avoid re-running this script phase.\necho \"SUCCESS\" > \"${SCRIPT_OUTPUT_FILE_0}\"\n";
			showEnvVarsInLog = 0;
		};
/* End PBXShellScriptBuildPhase section */

/* Begin PBXSourcesBuildPhase section */
		2B770D5A223803C60066A72C /* Sources */ = {
			isa = PBXSourcesBuildPhase;
			buildActionMask = 2147483647;
			files = (
				2B248D1F2265D81D00423FE8 /* TextFiedValidation.swift in Sources */,
				2B4A06F52254FC38007B914B /* CornerImage.swift in Sources */,
				2BB8F96A223BF63A00671465 /* SplashViewController.swift in Sources */,
				2BB16571223AB852000D193F /* Income.swift in Sources */,
				2B4A06EB2254EBF8007B914B /* Validation.swift in Sources */,
				2BE26AD9225372E60070EF24 /* LoginScreenViewController.swift in Sources */,
				2B25E55F224BC12800FB0E4C /* CornerButton.swift in Sources */,
				2B8DF28222450F6E007C395E /* WalkthroughPageViewController.swift in Sources */,
				2B248D212265E92800423FE8 /* MockAddrModel.swift in Sources */,
				2BE26ADD2253740C0070EF24 /* LoginModel.swift in Sources */,
				2B09A13E224D255900F7A042 /* ShadowView.swift in Sources */,
				2B9E77242252591E00D7640A /* AuthView.swift in Sources */,
				2BCBC400225608B300135AEB /* MoreAboutScreenViewController.swift in Sources */,
				2B9E771F2252580100D7640A /* SignUpModel.swift in Sources */,
				2BE26ADF225374280070EF24 /* LoginPresenter.swift in Sources */,
				2B9E77262252623A00D7640A /* MockSignUp.swift in Sources */,
				2B248D1A2265D62100423FE8 /* AddressScreenModel.swift in Sources */,
				2B8DF28422451CBC007C395E /* WalkthroughViewController.swift in Sources */,
				2B4A06ED2254EC51007B914B /* EmailValidation.swift in Sources */,
				2BE26AE1225374500070EF24 /* MockLogin.swift in Sources */,
				2B8DF28022450A0F007C395E /* WalkthroughContentViewController.swift in Sources */,
				2B4A06EF2254ED16007B914B /* PasswordValidation.swift in Sources */,
				2B248D182265D60900423FE8 /* AddressScreenPresenter.swift in Sources */,
				2BB16574223AB852000D193F /* User.swift in Sources */,
				2BB16573223AB852000D193F /* Expence.swift in Sources */,
				2B770D62223803C60066A72C /* AppDelegate.swift in Sources */,
				2B9E77222252580100D7640A /* SignUpPresenter.swift in Sources */,
				2B248D162265CEF900423FE8 /* AddressScreenViewController.swift in Sources */,
				2BBB79B4225367BA006ABC2A /* SignUpScreenViewController.swift in Sources */,
				2BB16572223AB852000D193F /* Category.swift in Sources */,
			);
			runOnlyForDeploymentPostprocessing = 0;
		};
		2B770D6E223803C80066A72C /* Sources */ = {
			isa = PBXSourcesBuildPhase;
			buildActionMask = 2147483647;
			files = (
				2B770D77223803C80066A72C /* spendsterIOSTests.swift in Sources */,
			);
			runOnlyForDeploymentPostprocessing = 0;
		};
/* End PBXSourcesBuildPhase section */

/* Begin PBXTargetDependency section */
		2B770D74223803C80066A72C /* PBXTargetDependency */ = {
			isa = PBXTargetDependency;
			target = 2B770D5D223803C60066A72C /* spendsterIOS */;
			targetProxy = 2B770D73223803C80066A72C /* PBXContainerItemProxy */;
		};
/* End PBXTargetDependency section */

/* Begin PBXVariantGroup section */
		2B770D65223803C60066A72C /* Main.storyboard */ = {
			isa = PBXVariantGroup;
			children = (
				2B770D66223803C60066A72C /* Base */,
			);
			name = Main.storyboard;
			sourceTree = "<group>";
		};
		2B770D6A223803C80066A72C /* LaunchScreen.storyboard */ = {
			isa = PBXVariantGroup;
			children = (
				2B770D6B223803C80066A72C /* Base */,
			);
			name = LaunchScreen.storyboard;
			sourceTree = "<group>";
		};
/* End PBXVariantGroup section */

/* Begin XCBuildConfiguration section */
		2B770D79223803C80066A72C /* Debug */ = {
			isa = XCBuildConfiguration;
			buildSettings = {
				ALWAYS_SEARCH_USER_PATHS = NO;
				CLANG_ANALYZER_NONNULL = YES;
				CLANG_ANALYZER_NUMBER_OBJECT_CONVERSION = YES_AGGRESSIVE;
				CLANG_CXX_LANGUAGE_STANDARD = "gnu++14";
				CLANG_CXX_LIBRARY = "libc++";
				CLANG_ENABLE_MODULES = YES;
				CLANG_ENABLE_OBJC_ARC = YES;
				CLANG_ENABLE_OBJC_WEAK = YES;
				CLANG_WARN_BLOCK_CAPTURE_AUTORELEASING = YES;
				CLANG_WARN_BOOL_CONVERSION = YES;
				CLANG_WARN_COMMA = YES;
				CLANG_WARN_CONSTANT_CONVERSION = YES;
				CLANG_WARN_DEPRECATED_OBJC_IMPLEMENTATIONS = YES;
				CLANG_WARN_DIRECT_OBJC_ISA_USAGE = YES_ERROR;
				CLANG_WARN_DOCUMENTATION_COMMENTS = YES;
				CLANG_WARN_EMPTY_BODY = YES;
				CLANG_WARN_ENUM_CONVERSION = YES;
				CLANG_WARN_INFINITE_RECURSION = YES;
				CLANG_WARN_INT_CONVERSION = YES;
				CLANG_WARN_NON_LITERAL_NULL_CONVERSION = YES;
				CLANG_WARN_OBJC_IMPLICIT_RETAIN_SELF = YES;
				CLANG_WARN_OBJC_LITERAL_CONVERSION = YES;
				CLANG_WARN_OBJC_ROOT_CLASS = YES_ERROR;
				CLANG_WARN_RANGE_LOOP_ANALYSIS = YES;
				CLANG_WARN_STRICT_PROTOTYPES = YES;
				CLANG_WARN_SUSPICIOUS_MOVE = YES;
				CLANG_WARN_UNGUARDED_AVAILABILITY = YES_AGGRESSIVE;
				CLANG_WARN_UNREACHABLE_CODE = YES;
				CLANG_WARN__DUPLICATE_METHOD_MATCH = YES;
				CODE_SIGN_IDENTITY = "iPhone Developer";
				COPY_PHASE_STRIP = NO;
				DEBUG_INFORMATION_FORMAT = dwarf;
				ENABLE_STRICT_OBJC_MSGSEND = YES;
				ENABLE_TESTABILITY = YES;
				GCC_C_LANGUAGE_STANDARD = gnu11;
				GCC_DYNAMIC_NO_PIC = NO;
				GCC_NO_COMMON_BLOCKS = YES;
				GCC_OPTIMIZATION_LEVEL = 0;
				GCC_PREPROCESSOR_DEFINITIONS = (
					"DEBUG=1",
					"$(inherited)",
				);
				GCC_WARN_64_TO_32_BIT_CONVERSION = YES;
				GCC_WARN_ABOUT_RETURN_TYPE = YES_ERROR;
				GCC_WARN_UNDECLARED_SELECTOR = YES;
				GCC_WARN_UNINITIALIZED_AUTOS = YES_AGGRESSIVE;
				GCC_WARN_UNUSED_FUNCTION = YES;
				GCC_WARN_UNUSED_VARIABLE = YES;
				IPHONEOS_DEPLOYMENT_TARGET = 12.1;
				MTL_ENABLE_DEBUG_INFO = INCLUDE_SOURCE;
				MTL_FAST_MATH = YES;
				ONLY_ACTIVE_ARCH = YES;
				SDKROOT = iphoneos;
				SWIFT_ACTIVE_COMPILATION_CONDITIONS = DEBUG;
				SWIFT_OPTIMIZATION_LEVEL = "-Onone";
			};
			name = Debug;
		};
		2B770D7A223803C80066A72C /* Release */ = {
			isa = XCBuildConfiguration;
			buildSettings = {
				ALWAYS_SEARCH_USER_PATHS = NO;
				CLANG_ANALYZER_NONNULL = YES;
				CLANG_ANALYZER_NUMBER_OBJECT_CONVERSION = YES_AGGRESSIVE;
				CLANG_CXX_LANGUAGE_STANDARD = "gnu++14";
				CLANG_CXX_LIBRARY = "libc++";
				CLANG_ENABLE_MODULES = YES;
				CLANG_ENABLE_OBJC_ARC = YES;
				CLANG_ENABLE_OBJC_WEAK = YES;
				CLANG_WARN_BLOCK_CAPTURE_AUTORELEASING = YES;
				CLANG_WARN_BOOL_CONVERSION = YES;
				CLANG_WARN_COMMA = YES;
				CLANG_WARN_CONSTANT_CONVERSION = YES;
				CLANG_WARN_DEPRECATED_OBJC_IMPLEMENTATIONS = YES;
				CLANG_WARN_DIRECT_OBJC_ISA_USAGE = YES_ERROR;
				CLANG_WARN_DOCUMENTATION_COMMENTS = YES;
				CLANG_WARN_EMPTY_BODY = YES;
				CLANG_WARN_ENUM_CONVERSION = YES;
				CLANG_WARN_INFINITE_RECURSION = YES;
				CLANG_WARN_INT_CONVERSION = YES;
				CLANG_WARN_NON_LITERAL_NULL_CONVERSION = YES;
				CLANG_WARN_OBJC_IMPLICIT_RETAIN_SELF = YES;
				CLANG_WARN_OBJC_LITERAL_CONVERSION = YES;
				CLANG_WARN_OBJC_ROOT_CLASS = YES_ERROR;
				CLANG_WARN_RANGE_LOOP_ANALYSIS = YES;
				CLANG_WARN_STRICT_PROTOTYPES = YES;
				CLANG_WARN_SUSPICIOUS_MOVE = YES;
				CLANG_WARN_UNGUARDED_AVAILABILITY = YES_AGGRESSIVE;
				CLANG_WARN_UNREACHABLE_CODE = YES;
				CLANG_WARN__DUPLICATE_METHOD_MATCH = YES;
				CODE_SIGN_IDENTITY = "iPhone Developer";
				COPY_PHASE_STRIP = NO;
				DEBUG_INFORMATION_FORMAT = "dwarf-with-dsym";
				ENABLE_NS_ASSERTIONS = NO;
				ENABLE_STRICT_OBJC_MSGSEND = YES;
				GCC_C_LANGUAGE_STANDARD = gnu11;
				GCC_NO_COMMON_BLOCKS = YES;
				GCC_WARN_64_TO_32_BIT_CONVERSION = YES;
				GCC_WARN_ABOUT_RETURN_TYPE = YES_ERROR;
				GCC_WARN_UNDECLARED_SELECTOR = YES;
				GCC_WARN_UNINITIALIZED_AUTOS = YES_AGGRESSIVE;
				GCC_WARN_UNUSED_FUNCTION = YES;
				GCC_WARN_UNUSED_VARIABLE = YES;
				IPHONEOS_DEPLOYMENT_TARGET = 12.1;
				MTL_ENABLE_DEBUG_INFO = NO;
				MTL_FAST_MATH = YES;
				SDKROOT = iphoneos;
				SWIFT_COMPILATION_MODE = wholemodule;
				SWIFT_OPTIMIZATION_LEVEL = "-O";
				VALIDATE_PRODUCT = YES;
			};
			name = Release;
		};
		2B770D7C223803C80066A72C /* Debug */ = {
			isa = XCBuildConfiguration;
			baseConfigurationReference = 3AD6C80BB5D4FF7859246A73 /* Pods-spendsterIOS.debug.xcconfig */;
			buildSettings = {
				ASSETCATALOG_COMPILER_APPICON_NAME = AppIcon;
				CODE_SIGN_STYLE = Automatic;
				INFOPLIST_FILE = spendsterIOS/Info.plist;
				LD_RUNPATH_SEARCH_PATHS = (
					"$(inherited)",
					"@executable_path/Frameworks",
				);
				ONLY_ACTIVE_ARCH = YES;
				PRODUCT_BUNDLE_IDENTIFIER = com.keytotech.spendsterIOS;
				PRODUCT_NAME = "$(TARGET_NAME)";
				SWIFT_VERSION = 4.2;
				TARGETED_DEVICE_FAMILY = "1,2";
			};
			name = Debug;
		};
		2B770D7D223803C80066A72C /* Release */ = {
			isa = XCBuildConfiguration;
			baseConfigurationReference = 7A6583FC17C8D45667DB5807 /* Pods-spendsterIOS.release.xcconfig */;
			buildSettings = {
				ASSETCATALOG_COMPILER_APPICON_NAME = AppIcon;
				CODE_SIGN_STYLE = Automatic;
				INFOPLIST_FILE = spendsterIOS/Info.plist;
				LD_RUNPATH_SEARCH_PATHS = (
					"$(inherited)",
					"@executable_path/Frameworks",
				);
				PRODUCT_BUNDLE_IDENTIFIER = com.keytotech.spendsterIOS;
				PRODUCT_NAME = "$(TARGET_NAME)";
				SWIFT_VERSION = 4.2;
				TARGETED_DEVICE_FAMILY = "1,2";
			};
			name = Release;
		};
		2B770D7F223803C80066A72C /* Debug */ = {
			isa = XCBuildConfiguration;
			baseConfigurationReference = C9E78408EE4C572B8526F2D8 /* Pods-spendsterIOSTests.debug.xcconfig */;
			buildSettings = {
				ALWAYS_EMBED_SWIFT_STANDARD_LIBRARIES = YES;
				BUNDLE_LOADER = "$(TEST_HOST)";
				CODE_SIGN_STYLE = Automatic;
				INFOPLIST_FILE = spendsterIOSTests/Info.plist;
				LD_RUNPATH_SEARCH_PATHS = (
					"$(inherited)",
					"@executable_path/Frameworks",
					"@loader_path/Frameworks",
				);
				PRODUCT_BUNDLE_IDENTIFIER = com.keytotech.spendsterIOSTests;
				PRODUCT_NAME = "$(TARGET_NAME)";
				SWIFT_VERSION = 4.2;
				TARGETED_DEVICE_FAMILY = "1,2";
				TEST_HOST = "$(BUILT_PRODUCTS_DIR)/spendsterIOS.app/spendsterIOS";
			};
			name = Debug;
		};
		2B770D80223803C80066A72C /* Release */ = {
			isa = XCBuildConfiguration;
			baseConfigurationReference = 8015695075BBEFAB914EC069 /* Pods-spendsterIOSTests.release.xcconfig */;
			buildSettings = {
				ALWAYS_EMBED_SWIFT_STANDARD_LIBRARIES = YES;
				BUNDLE_LOADER = "$(TEST_HOST)";
				CODE_SIGN_STYLE = Automatic;
				INFOPLIST_FILE = spendsterIOSTests/Info.plist;
				LD_RUNPATH_SEARCH_PATHS = (
					"$(inherited)",
					"@executable_path/Frameworks",
					"@loader_path/Frameworks",
				);
				PRODUCT_BUNDLE_IDENTIFIER = com.keytotech.spendsterIOSTests;
				PRODUCT_NAME = "$(TARGET_NAME)";
				SWIFT_VERSION = 4.2;
				TARGETED_DEVICE_FAMILY = "1,2";
				TEST_HOST = "$(BUILT_PRODUCTS_DIR)/spendsterIOS.app/spendsterIOS";
			};
			name = Release;
		};
/* End XCBuildConfiguration section */

/* Begin XCConfigurationList section */
		2B770D59223803C60066A72C /* Build configuration list for PBXProject "spendsterIOS" */ = {
			isa = XCConfigurationList;
			buildConfigurations = (
				2B770D79223803C80066A72C /* Debug */,
				2B770D7A223803C80066A72C /* Release */,
			);
			defaultConfigurationIsVisible = 0;
			defaultConfigurationName = Release;
		};
		2B770D7B223803C80066A72C /* Build configuration list for PBXNativeTarget "spendsterIOS" */ = {
			isa = XCConfigurationList;
			buildConfigurations = (
				2B770D7C223803C80066A72C /* Debug */,
				2B770D7D223803C80066A72C /* Release */,
			);
			defaultConfigurationIsVisible = 0;
			defaultConfigurationName = Release;
		};
		2B770D7E223803C80066A72C /* Build configuration list for PBXNativeTarget "spendsterIOSTests" */ = {
			isa = XCConfigurationList;
			buildConfigurations = (
				2B770D7F223803C80066A72C /* Debug */,
				2B770D80223803C80066A72C /* Release */,
			);
			defaultConfigurationIsVisible = 0;
			defaultConfigurationName = Release;
		};
/* End XCConfigurationList section */
	};
	rootObject = 2B770D56223803C60066A72C /* Project object */;
}
